
Microsoft Visual Studio Solution File, Format Version 12.00
# Visual Studio Version 17
VisualStudioVersion = 17.3.32804.467
MinimumVisualStudioVersion = 10.0.40219.1
Project("{9A19103F-16F7-4668-BE54-9A1E7A4F7556}") = "DesignPatterns.StrategyPattern", "DesignPatterns.StrategyPattern\DesignPatterns.StrategyPattern.csproj", "{99A42181-E0C6-4F66-B1F5-4A7350A632E9}"
EndProject
Project("{FAE04EC0-301F-11D3-BF4B-00C04F79EFBC}") = "DesignPatterns.Singleton", "DesignPatterns.Singleton\DesignPatterns.Singleton.csproj", "{F8843A52-1C3D-4908-9CF4-2DC087F03EF6}"
EndProject
Global
	GlobalSection(SolutionConfigurationPlatforms) = preSolution
		Debug|Any CPU = Debug|Any CPU
		Release|Any CPU = Release|Any CPU
	EndGlobalSection
	GlobalSection(ProjectConfigurationPlatforms) = postSolution
		{99A42181-E0C6-4F66-B1F5-4A7350A632E9}.Debug|Any CPU.ActiveCfg = Debug|Any CPU
		{99A42181-E0C6-4F66-B1F5-4A7350A632E9}.Debug|Any CPU.Build.0 = Debug|Any CPU
		{99A42181-E0C6-4F66-B1F5-4A7350A632E9}.Release|Any CPU.ActiveCfg = Release|Any CPU
		{99A42181-E0C6-4F66-B1F5-4A7350A632E9}.Release|Any CPU.Build.0 = Release|Any CPU
		{F8843A52-1C3D-4908-9CF4-2DC087F03EF6}.Debug|Any CPU.ActiveCfg = Debug|Any CPU
		{F8843A52-1C3D-4908-9CF4-2DC087F03EF6}.Debug|Any CPU.Build.0 = Debug|Any CPU
		{F8843A52-1C3D-4908-9CF4-2DC087F03EF6}.Release|Any CPU.ActiveCfg = Release|Any CPU
		{F8843A52-1C3D-4908-9CF4-2DC087F03EF6}.Release|Any CPU.Build.0 = Release|Any CPU
	EndGlobalSection
	GlobalSection(SolutionProperties) = preSolution
		HideSolutionNode = FALSE
	EndGlobalSection
	GlobalSection(ExtensibilityGlobals) = postSolution
		SolutionGuid = {D28996B8-E3B7-4E63-A915-06837031B0C9}
	EndGlobalSection
EndGlobal
